speakeasyVersion: 1.531.0
sources:
    Skylight API:
        sourceNamespace: skylight-api
        sourceRevisionDigest: sha256:7cebc01015ae13c61799f9a829e19dd8ccaf0df28ea22a26807e918dd2ca5c65
        sourceBlobDigest: sha256:eccebcbb22badf59d1e0940d1d0ed71f6aefbbdac8fe60e22b8d32c40fbf85eb
        tags:
            - latest
            - speakeasy-sdk-regen-1743976301
            - 1.0.14
targets:
    skylight:
        source: Skylight API
        sourceNamespace: skylight-api
        sourceRevisionDigest: sha256:7cebc01015ae13c61799f9a829e19dd8ccaf0df28ea22a26807e918dd2ca5c65
        sourceBlobDigest: sha256:eccebcbb22badf59d1e0940d1d0ed71f6aefbbdac8fe60e22b8d32c40fbf85eb
        codeSamplesNamespace: skylight-api-typescript-code-samples
        codeSamplesRevisionDigest: sha256:f18b6d9fd26f885032e094f4d91904060710124324af334bfac5cfa861ae7c75
workflow:
    workflowVersion: 1.0.0
    speakeasyVersion: latest
    sources:
        Skylight API:
            inputs:
                - location: openapi.json
            registry:
                location: registry.speakeasyapi.dev/picocrowd/windows/skylight-api
    targets:
        skylight:
            target: typescript
            source: Skylight API
            publish:
                npm:
                    token: $npm_token
            codeSamples:
                output: code-samples.yaml
                registry:
                    location: registry.speakeasyapi.dev/picocrowd/windows/skylight-api-typescript-code-samples
                labelOverride:
                    fixedValue: Typescript (SDK)
                blocking: false
