speakeasyVersion: 1.529.1
sources:
    Skylight API:
        sourceNamespace: skylight-api
        sourceRevisionDigest: sha256:1aeab57796e57c23246b3d65d9eac0b338a833a380578786a445a7bfad0c63d1
        sourceBlobDigest: sha256:84ea6d4bdb808522f0bd26c68f62eb1ef6e7668ae0a980ad0abadd4579a412ff
        tags:
            - latest
            - speakeasy-sdk-regen-1743970484
            - 1.0.7
targets:
    skylight:
        source: Skylight API
        sourceNamespace: skylight-api
        sourceRevisionDigest: sha256:1aeab57796e57c23246b3d65d9eac0b338a833a380578786a445a7bfad0c63d1
        sourceBlobDigest: sha256:84ea6d4bdb808522f0bd26c68f62eb1ef6e7668ae0a980ad0abadd4579a412ff
        codeSamplesNamespace: skylight-api-typescript-code-samples
        codeSamplesRevisionDigest: sha256:c44e4fd9b5cc5f6e7a32194cbd895d024ba89db2429ca0457d4752ada2d1c354
workflow:
    workflowVersion: 1.0.0
    speakeasyVersion: latest
    sources:
        Skylight API:
            inputs:
                - location: openapi.json
            registry:
                location: registry.speakeasyapi.dev/picocrowd/windows/skylight-api
    targets:
        skylight:
            target: typescript
            source: Skylight API
            publish:
                npm:
                    token: $npm_token
            codeSamples:
                output: code-samples.yaml
                registry:
                    location: registry.speakeasyapi.dev/picocrowd/windows/skylight-api-typescript-code-samples
                labelOverride:
                    fixedValue: Typescript (SDK)
                blocking: false
