speakeasyVersion: 1.529.1
sources:
    Skylight API:
        sourceNamespace: skylight-api
        sourceRevisionDigest: sha256:21f41680f7f92a508fe74494c8ca4a1b9d29d6ee19a2b7101def6fb52c506581
        sourceBlobDigest: sha256:0b5b4576785628e78ee81eb3a65f277688aeacd11465bada7fd263ca2c8e7397
        tags:
            - latest
            - speakeasy-sdk-regen-1743959890
            - 1.0.3
targets:
    skylight:
        source: Skylight API
        sourceNamespace: skylight-api
        sourceRevisionDigest: sha256:21f41680f7f92a508fe74494c8ca4a1b9d29d6ee19a2b7101def6fb52c506581
        sourceBlobDigest: sha256:0b5b4576785628e78ee81eb3a65f277688aeacd11465bada7fd263ca2c8e7397
        codeSamplesNamespace: skylight-api-typescript-code-samples
        codeSamplesRevisionDigest: sha256:c3db23c31584206f5475204112e7938bca7a938ded400f69e8b992b97cf03b0b
workflow:
    workflowVersion: 1.0.0
    speakeasyVersion: latest
    sources:
        Skylight API:
            inputs:
                - location: openapi.json
            registry:
                location: registry.speakeasyapi.dev/picocrowd/windows/skylight-api
    targets:
        skylight:
            target: typescript
            source: Skylight API
            publish:
                npm:
                    token: $npm_token
            codeSamples:
                registry:
                    location: registry.speakeasyapi.dev/picocrowd/windows/skylight-api-typescript-code-samples
                labelOverride:
                    fixedValue: Typescript (SDK)
                blocking: false
